
Microsoft Visual Studio Solution File, Format Version 12.00
# Visual Studio Version 17
VisualStudioVersion = 17.7.34221.43
MinimumVisualStudioVersion = 10.0.40219.1
Project("{9A19103F-16F7-4668-BE54-9A1E7A4F7556}") = "EasyParking.Api", "EasyParking.Api\EasyParking.Api.csproj", "{EAC14177-F98C-4047-A022-55DD4EE1390D}"
EndProject
<<<<<<< HEAD
Project("{FAE04EC0-301F-11D3-BF4B-00C04F79EFBC}") = "UnitTestEasyParking", "UnitTestEasyParking\UnitTestEasyParking.csproj", "{1C4A113D-D23B-49C9-9FDC-37DD7A49B6DB}"
=======
Project("{FAE04EC0-301F-11D3-BF4B-00C04F79EFBC}") = "Test", "Test\Test.csproj", "{F305C7BF-6238-41F7-A8AF-46BEC6F924CA}"
>>>>>>> e8a45d7e9af77a31fdf0de8f0eca9cdf0184d19a
EndProject
Global
	GlobalSection(SolutionConfigurationPlatforms) = preSolution
		Debug|Any CPU = Debug|Any CPU
		Release|Any CPU = Release|Any CPU
	EndGlobalSection
	GlobalSection(ProjectConfigurationPlatforms) = postSolution
		{EAC14177-F98C-4047-A022-55DD4EE1390D}.Debug|Any CPU.ActiveCfg = Debug|Any CPU
		{EAC14177-F98C-4047-A022-55DD4EE1390D}.Debug|Any CPU.Build.0 = Debug|Any CPU
		{EAC14177-F98C-4047-A022-55DD4EE1390D}.Release|Any CPU.ActiveCfg = Release|Any CPU
		{EAC14177-F98C-4047-A022-55DD4EE1390D}.Release|Any CPU.Build.0 = Release|Any CPU
<<<<<<< HEAD
		{1C4A113D-D23B-49C9-9FDC-37DD7A49B6DB}.Debug|Any CPU.ActiveCfg = Debug|Any CPU
		{1C4A113D-D23B-49C9-9FDC-37DD7A49B6DB}.Debug|Any CPU.Build.0 = Debug|Any CPU
		{1C4A113D-D23B-49C9-9FDC-37DD7A49B6DB}.Release|Any CPU.ActiveCfg = Release|Any CPU
		{1C4A113D-D23B-49C9-9FDC-37DD7A49B6DB}.Release|Any CPU.Build.0 = Release|Any CPU
=======
		{F305C7BF-6238-41F7-A8AF-46BEC6F924CA}.Debug|Any CPU.ActiveCfg = Debug|Any CPU
		{F305C7BF-6238-41F7-A8AF-46BEC6F924CA}.Debug|Any CPU.Build.0 = Debug|Any CPU
		{F305C7BF-6238-41F7-A8AF-46BEC6F924CA}.Release|Any CPU.ActiveCfg = Release|Any CPU
		{F305C7BF-6238-41F7-A8AF-46BEC6F924CA}.Release|Any CPU.Build.0 = Release|Any CPU
>>>>>>> e8a45d7e9af77a31fdf0de8f0eca9cdf0184d19a
	EndGlobalSection
	GlobalSection(SolutionProperties) = preSolution
		HideSolutionNode = FALSE
	EndGlobalSection
	GlobalSection(ExtensibilityGlobals) = postSolution
		SolutionGuid = {00DF6972-E1C9-4343-B298-08F6291BE62D}
	EndGlobalSection
EndGlobal
